
Microsoft Visual Studio Solution File, Format Version 12.00
# Visual Studio 14
VisualStudioVersion = 14.0.25420.1
MinimumVisualStudioVersion = 10.0.40219.1
Project("{FAE04EC0-301F-11D3-BF4B-00C04F79EFBC}") = "FirstAmericanMonitorConsole", "PCN-Integration.Console\FirstAmericanMonitorConsole.csproj", "{C2CB5C03-3AD3-4382-B5DD-4BBE5CF8EDCB}"
EndProject
Project("{FAE04EC0-301F-11D3-BF4B-00C04F79EFBC}") = "FirstAmericanDataModels", "PCN-Integration.DataModels\FirstAmericanDataModels.csproj", "{6F01731A-BD46-42AC-942D-767897DB28D0}"
EndProject
Project("{FAE04EC0-301F-11D3-BF4B-00C04F79EFBC}") = "FirstAmericanServices", "PCN-Integration.Services\FirstAmericanServices.csproj", "{EB762DE1-FB1E-4457-ABCC-3984354B1005}"
EndProject
Project("{FAE04EC0-301F-11D3-BF4B-00C04F79EFBC}") = "FirstAmericanMonitor", "PCN-Integration.WindowsService\FirstAmericanMonitor.csproj", "{8A6B4F02-F9EF-4FC5-8C21-4D7A78F4F7BE}"
EndProject
Project("{FAE04EC0-301F-11D3-BF4B-00C04F79EFBC}") = "Resware.Orders.WCF", "OrderPlacement\Resware.Orders.WCF.csproj", "{D2569E71-E249-4E9E-B07F-077E1315BECE}"
	ProjectSection(ProjectDependencies) = postProject
		{AA020657-4003-45F8-A739-0BBC2F43B4F6} = {AA020657-4003-45F8-A739-0BBC2F43B4F6}
		{786C9E6C-93FF-4D16-9407-EEEB61A705E3} = {786C9E6C-93FF-4D16-9407-EEEB61A705E3}
		{9D6988E7-5971-4D1B-A765-0BD105416157} = {9D6988E7-5971-4D1B-A765-0BD105416157}
	EndProjectSection
EndProject
Project("{FAE04EC0-301F-11D3-BF4B-00C04F79EFBC}") = "Resware.NoteDocs.WCF", "ReceiveNote\Resware.NoteDocs.WCF.csproj", "{29160081-7B3E-41D8-9A87-3C86968DEE0C}"
	ProjectSection(ProjectDependencies) = postProject
		{AA020657-4003-45F8-A739-0BBC2F43B4F6} = {AA020657-4003-45F8-A739-0BBC2F43B4F6}
		{786C9E6C-93FF-4D16-9407-EEEB61A705E3} = {786C9E6C-93FF-4D16-9407-EEEB61A705E3}
		{9D6988E7-5971-4D1B-A765-0BD105416157} = {9D6988E7-5971-4D1B-A765-0BD105416157}
	EndProjectSection
EndProject
Project("{FAE04EC0-301F-11D3-BF4B-00C04F79EFBC}") = "Resware.Signing.WCF", "SigningService\Resware.Signing.WCF.csproj", "{A7499002-B795-4341-B6C4-7163739EC933}"
	ProjectSection(ProjectDependencies) = postProject
		{AA020657-4003-45F8-A739-0BBC2F43B4F6} = {AA020657-4003-45F8-A739-0BBC2F43B4F6}
		{786C9E6C-93FF-4D16-9407-EEEB61A705E3} = {786C9E6C-93FF-4D16-9407-EEEB61A705E3}
		{9D6988E7-5971-4D1B-A765-0BD105416157} = {9D6988E7-5971-4D1B-A765-0BD105416157}
	EndProjectSection
EndProject
Project("{FAE04EC0-301F-11D3-BF4B-00C04F79EFBC}") = "Resware.ActionEvent.WCF", "ActionEventService\Resware.ActionEvent.WCF.csproj", "{06839BDB-F490-4E96-B347-8148B43D0CAE}"
	ProjectSection(ProjectDependencies) = postProject
		{AA020657-4003-45F8-A739-0BBC2F43B4F6} = {AA020657-4003-45F8-A739-0BBC2F43B4F6}
		{786C9E6C-93FF-4D16-9407-EEEB61A705E3} = {786C9E6C-93FF-4D16-9407-EEEB61A705E3}
		{9D6988E7-5971-4D1B-A765-0BD105416157} = {9D6988E7-5971-4D1B-A765-0BD105416157}
	EndProjectSection
EndProject
Project("{FAE04EC0-301F-11D3-BF4B-00C04F79EFBC}") = "Resware.MonitorService", "ReswareOrderMonitorService\Resware.MonitorService.csproj", "{43DBA399-2E78-44DD-A2F8-8529C7E9A5AB}"
	ProjectSection(ProjectDependencies) = postProject
		{AA020657-4003-45F8-A739-0BBC2F43B4F6} = {AA020657-4003-45F8-A739-0BBC2F43B4F6}
		{9D6988E7-5971-4D1B-A765-0BD105416157} = {9D6988E7-5971-4D1B-A765-0BD105416157}
	EndProjectSection
EndProject
Project("{FAE04EC0-301F-11D3-BF4B-00C04F79EFBC}") = "Resware.Common", "ReswareCommon\Resware.Common.csproj", "{786C9E6C-93FF-4D16-9407-EEEB61A705E3}"
EndProject
Project("{FAE04EC0-301F-11D3-BF4B-00C04F79EFBC}") = "Resware.Data", "Resware.Data\Resware.Data.csproj", "{9D6988E7-5971-4D1B-A765-0BD105416157}"
	ProjectSection(ProjectDependencies) = postProject
		{AA020657-4003-45F8-A739-0BBC2F43B4F6} = {AA020657-4003-45F8-A739-0BBC2F43B4F6}
	EndProjectSection
EndProject
Project("{FAE04EC0-301F-11D3-BF4B-00C04F79EFBC}") = "Resware.Data.Test", "Resware.Data.Test\Resware.Data.Test.csproj", "{116B2A38-55D8-4224-B1AC-A4E552A6B760}"
	ProjectSection(ProjectDependencies) = postProject
		{AA020657-4003-45F8-A739-0BBC2F43B4F6} = {AA020657-4003-45F8-A739-0BBC2F43B4F6}
		{9D6988E7-5971-4D1B-A765-0BD105416157} = {9D6988E7-5971-4D1B-A765-0BD105416157}
	EndProjectSection
EndProject
Project("{FAE04EC0-301F-11D3-BF4B-00C04F79EFBC}") = "Resware.Entities", "Resware.Entities\Resware.Entities.csproj", "{AA020657-4003-45F8-A739-0BBC2F43B4F6}"
	ProjectSection(ProjectDependencies) = postProject
		{786C9E6C-93FF-4D16-9407-EEEB61A705E3} = {786C9E6C-93FF-4D16-9407-EEEB61A705E3}
	EndProjectSection
EndProject
Project("{FAE04EC0-301F-11D3-BF4B-00C04F79EFBC}") = "Resware.Signing.WCF.Test", "Resware.Signing.WCF.Test\Resware.Signing.WCF.Test.csproj", "{A6611F10-E445-4C26-9789-43ECD3160B48}"
EndProject
Project("{FAE04EC0-301F-11D3-BF4B-00C04F79EFBC}") = "Resware.Orders.WCF.Test", "Resware.Orders.WCF.Test\Resware.Orders.WCF.Test.csproj", "{C92E9D07-7E08-4513-9FA7-A5D42B98141A}"
EndProject
Project("{FAE04EC0-301F-11D3-BF4B-00C04F79EFBC}") = "Resware.NoteDocs.WCF.Test", "Resware.NoteDocs.WCF.Test\Resware.NoteDocs.WCF.Test.csproj", "{D9E1423D-2ED3-44D8-B46E-049BC97E631C}"
EndProject
Project("{FAE04EC0-301F-11D3-BF4B-00C04F79EFBC}") = "Resware.MonitorService.Test", "Resware.MonitorService.Test\Resware.MonitorService.Test.csproj", "{A81732BE-44C1-4AB7-9C07-66A13D35A774}"
EndProject
Project("{FAE04EC0-301F-11D3-BF4B-00C04F79EFBC}") = "Resware.ActionEvent.WCF.Test", "Resware.ActionEvent.WCF.Test\Resware.ActionEvent.WCF.Test.csproj", "{B12324F7-0198-4151-95A0-2171512700F2}"
EndProject
Project("{FAE04EC0-301F-11D3-BF4B-00C04F79EFBC}") = "Resware.Core.Documents", "Resware.Core\Resware.Core.Documents.csproj", "{D5A219EF-0C78-4E36-9039-3CA2F7C290C2}"
EndProject
Project("{FAE04EC0-301F-11D3-BF4B-00C04F79EFBC}") = "eClosings.Mirth", "eClosings.Mirth\eClosings.Mirth.csproj", "{5EC9E816-594D-488B-99A0-D77DBE0BBBF5}"
EndProject
Project("{FAE04EC0-301F-11D3-BF4B-00C04F79EFBC}") = "eClosings.Data", "eClosings.Data\eClosings.Data.csproj", "{1EEDC6BA-4B06-4DAA-8121-91EED2AE5F6B}"
EndProject
Project("{FAE04EC0-301F-11D3-BF4B-00C04F79EFBC}") = "eClosings.Entities", "eClosings.Entities\eClosings.Entities.csproj", "{7134D3DC-F4AE-47F4-B025-A916083E782E}"
EndProject
Project("{FAE04EC0-301F-11D3-BF4B-00C04F79EFBC}") = "Resware.Core.ActionEvents", "Resware.Core.ActionEvent\Resware.Core.ActionEvents.csproj", "{CD9F2E69-E9E1-4D28-B01B-9ED85B6964F9}"
EndProject
Project("{FAE04EC0-301F-11D3-BF4B-00C04F79EFBC}") = "Resware.Core.Services", "Resware.Core.Services\Resware.Core.Services.csproj", "{C026C213-076C-473B-A263-735326CF2E58}"
EndProject
Project("{FAE04EC0-301F-11D3-BF4B-00C04F79EFBC}") = "eClosings.Core", "eClosings.Core\eClosings.Core.csproj", "{C1477A7C-7ADF-47C7-87E5-E3C2835C7DD0}"
EndProject
Project("{FAE04EC0-301F-11D3-BF4B-00C04F79EFBC}") = "Resware.Core.Status", "Resware.Core.Status\Resware.Core.Status.csproj", "{9C32FB65-0C61-4A6C-A48E-A1B9285EF8A8}"
EndProject
Global
	GlobalSection(SolutionConfigurationPlatforms) = preSolution
		Debug|Any CPU = Debug|Any CPU
		Debug|Mixed Platforms = Debug|Mixed Platforms
		Debug|x64 = Debug|x64
		Debug|x86 = Debug|x86
		Release|Any CPU = Release|Any CPU
		Release|Mixed Platforms = Release|Mixed Platforms
		Release|x64 = Release|x64
		Release|x86 = Release|x86
		Test|Any CPU = Test|Any CPU
		Test|Mixed Platforms = Test|Mixed Platforms
		Test|x64 = Test|x64
		Test|x86 = Test|x86
	EndGlobalSection
	GlobalSection(ProjectConfigurationPlatforms) = postSolution
		{C2CB5C03-3AD3-4382-B5DD-4BBE5CF8EDCB}.Debug|Any CPU.ActiveCfg = Debug|Any CPU
		{C2CB5C03-3AD3-4382-B5DD-4BBE5CF8EDCB}.Debug|Any CPU.Build.0 = Debug|Any CPU
		{C2CB5C03-3AD3-4382-B5DD-4BBE5CF8EDCB}.Debug|Mixed Platforms.ActiveCfg = Debug|Any CPU
		{C2CB5C03-3AD3-4382-B5DD-4BBE5CF8EDCB}.Debug|x64.ActiveCfg = Debug|Any CPU
		{C2CB5C03-3AD3-4382-B5DD-4BBE5CF8EDCB}.Debug|x86.ActiveCfg = Debug|Any CPU
		{C2CB5C03-3AD3-4382-B5DD-4BBE5CF8EDCB}.Debug|x86.Build.0 = Debug|Any CPU
		{C2CB5C03-3AD3-4382-B5DD-4BBE5CF8EDCB}.Release|Any CPU.ActiveCfg = Release|Any CPU
		{C2CB5C03-3AD3-4382-B5DD-4BBE5CF8EDCB}.Release|Any CPU.Build.0 = Release|Any CPU
		{C2CB5C03-3AD3-4382-B5DD-4BBE5CF8EDCB}.Release|Mixed Platforms.ActiveCfg = Release|Any CPU
		{C2CB5C03-3AD3-4382-B5DD-4BBE5CF8EDCB}.Release|x64.ActiveCfg = Release|Any CPU
		{C2CB5C03-3AD3-4382-B5DD-4BBE5CF8EDCB}.Release|x86.ActiveCfg = Release|Any CPU
		{C2CB5C03-3AD3-4382-B5DD-4BBE5CF8EDCB}.Release|x86.Build.0 = Release|Any CPU
		{C2CB5C03-3AD3-4382-B5DD-4BBE5CF8EDCB}.Test|Any CPU.ActiveCfg = Test|Any CPU
		{C2CB5C03-3AD3-4382-B5DD-4BBE5CF8EDCB}.Test|Any CPU.Build.0 = Test|Any CPU
		{C2CB5C03-3AD3-4382-B5DD-4BBE5CF8EDCB}.Test|Mixed Platforms.ActiveCfg = Release|Any CPU
		{C2CB5C03-3AD3-4382-B5DD-4BBE5CF8EDCB}.Test|Mixed Platforms.Build.0 = Release|Any CPU
		{C2CB5C03-3AD3-4382-B5DD-4BBE5CF8EDCB}.Test|x64.ActiveCfg = Release|Any CPU
		{C2CB5C03-3AD3-4382-B5DD-4BBE5CF8EDCB}.Test|x64.Build.0 = Release|Any CPU
		{C2CB5C03-3AD3-4382-B5DD-4BBE5CF8EDCB}.Test|x86.ActiveCfg = Release|Any CPU
		{C2CB5C03-3AD3-4382-B5DD-4BBE5CF8EDCB}.Test|x86.Build.0 = Release|Any CPU
		{6F01731A-BD46-42AC-942D-767897DB28D0}.Debug|Any CPU.ActiveCfg = Debug|Any CPU
		{6F01731A-BD46-42AC-942D-767897DB28D0}.Debug|Any CPU.Build.0 = Debug|Any CPU
		{6F01731A-BD46-42AC-942D-767897DB28D0}.Debug|Mixed Platforms.ActiveCfg = Debug|Any CPU
		{6F01731A-BD46-42AC-942D-767897DB28D0}.Debug|x64.ActiveCfg = Debug|Any CPU
		{6F01731A-BD46-42AC-942D-767897DB28D0}.Debug|x86.ActiveCfg = Debug|Any CPU
		{6F01731A-BD46-42AC-942D-767897DB28D0}.Debug|x86.Build.0 = Debug|Any CPU
		{6F01731A-BD46-42AC-942D-767897DB28D0}.Release|Any CPU.ActiveCfg = Release|Any CPU
		{6F01731A-BD46-42AC-942D-767897DB28D0}.Release|Any CPU.Build.0 = Release|Any CPU
		{6F01731A-BD46-42AC-942D-767897DB28D0}.Release|Mixed Platforms.ActiveCfg = Release|Any CPU
		{6F01731A-BD46-42AC-942D-767897DB28D0}.Release|x64.ActiveCfg = Release|Any CPU
		{6F01731A-BD46-42AC-942D-767897DB28D0}.Release|x86.ActiveCfg = Release|Any CPU
		{6F01731A-BD46-42AC-942D-767897DB28D0}.Release|x86.Build.0 = Release|Any CPU
		{6F01731A-BD46-42AC-942D-767897DB28D0}.Test|Any CPU.ActiveCfg = Test|Any CPU
		{6F01731A-BD46-42AC-942D-767897DB28D0}.Test|Any CPU.Build.0 = Test|Any CPU
		{6F01731A-BD46-42AC-942D-767897DB28D0}.Test|Mixed Platforms.ActiveCfg = Release|Any CPU
		{6F01731A-BD46-42AC-942D-767897DB28D0}.Test|Mixed Platforms.Build.0 = Release|Any CPU
		{6F01731A-BD46-42AC-942D-767897DB28D0}.Test|x64.ActiveCfg = Release|Any CPU
		{6F01731A-BD46-42AC-942D-767897DB28D0}.Test|x64.Build.0 = Release|Any CPU
		{6F01731A-BD46-42AC-942D-767897DB28D0}.Test|x86.ActiveCfg = Release|Any CPU
		{6F01731A-BD46-42AC-942D-767897DB28D0}.Test|x86.Build.0 = Release|Any CPU
		{EB762DE1-FB1E-4457-ABCC-3984354B1005}.Debug|Any CPU.ActiveCfg = Debug|Any CPU
		{EB762DE1-FB1E-4457-ABCC-3984354B1005}.Debug|Any CPU.Build.0 = Debug|Any CPU
		{EB762DE1-FB1E-4457-ABCC-3984354B1005}.Debug|Mixed Platforms.ActiveCfg = Debug|Any CPU
		{EB762DE1-FB1E-4457-ABCC-3984354B1005}.Debug|x64.ActiveCfg = Debug|Any CPU
		{EB762DE1-FB1E-4457-ABCC-3984354B1005}.Debug|x86.ActiveCfg = Debug|Any CPU
		{EB762DE1-FB1E-4457-ABCC-3984354B1005}.Debug|x86.Build.0 = Debug|Any CPU
		{EB762DE1-FB1E-4457-ABCC-3984354B1005}.Release|Any CPU.ActiveCfg = Release|Any CPU
		{EB762DE1-FB1E-4457-ABCC-3984354B1005}.Release|Any CPU.Build.0 = Release|Any CPU
		{EB762DE1-FB1E-4457-ABCC-3984354B1005}.Release|Mixed Platforms.ActiveCfg = Release|Any CPU
		{EB762DE1-FB1E-4457-ABCC-3984354B1005}.Release|x64.ActiveCfg = Release|Any CPU
		{EB762DE1-FB1E-4457-ABCC-3984354B1005}.Release|x86.ActiveCfg = Release|Any CPU
		{EB762DE1-FB1E-4457-ABCC-3984354B1005}.Release|x86.Build.0 = Release|Any CPU
		{EB762DE1-FB1E-4457-ABCC-3984354B1005}.Test|Any CPU.ActiveCfg = Test|Any CPU
		{EB762DE1-FB1E-4457-ABCC-3984354B1005}.Test|Any CPU.Build.0 = Test|Any CPU
		{EB762DE1-FB1E-4457-ABCC-3984354B1005}.Test|Mixed Platforms.ActiveCfg = Release|Any CPU
		{EB762DE1-FB1E-4457-ABCC-3984354B1005}.Test|Mixed Platforms.Build.0 = Release|Any CPU
		{EB762DE1-FB1E-4457-ABCC-3984354B1005}.Test|x64.ActiveCfg = Release|Any CPU
		{EB762DE1-FB1E-4457-ABCC-3984354B1005}.Test|x64.Build.0 = Release|Any CPU
		{EB762DE1-FB1E-4457-ABCC-3984354B1005}.Test|x86.ActiveCfg = Release|Any CPU
		{EB762DE1-FB1E-4457-ABCC-3984354B1005}.Test|x86.Build.0 = Release|Any CPU
		{8A6B4F02-F9EF-4FC5-8C21-4D7A78F4F7BE}.Debug|Any CPU.ActiveCfg = Debug|Any CPU
		{8A6B4F02-F9EF-4FC5-8C21-4D7A78F4F7BE}.Debug|Any CPU.Build.0 = Debug|Any CPU
		{8A6B4F02-F9EF-4FC5-8C21-4D7A78F4F7BE}.Debug|Mixed Platforms.ActiveCfg = Debug|Any CPU
		{8A6B4F02-F9EF-4FC5-8C21-4D7A78F4F7BE}.Debug|x64.ActiveCfg = Debug|Any CPU
		{8A6B4F02-F9EF-4FC5-8C21-4D7A78F4F7BE}.Debug|x86.ActiveCfg = Debug|Any CPU
		{8A6B4F02-F9EF-4FC5-8C21-4D7A78F4F7BE}.Debug|x86.Build.0 = Debug|Any CPU
		{8A6B4F02-F9EF-4FC5-8C21-4D7A78F4F7BE}.Release|Any CPU.ActiveCfg = Release|Any CPU
		{8A6B4F02-F9EF-4FC5-8C21-4D7A78F4F7BE}.Release|Any CPU.Build.0 = Release|Any CPU
		{8A6B4F02-F9EF-4FC5-8C21-4D7A78F4F7BE}.Release|Mixed Platforms.ActiveCfg = Release|Any CPU
		{8A6B4F02-F9EF-4FC5-8C21-4D7A78F4F7BE}.Release|x64.ActiveCfg = Release|Any CPU
		{8A6B4F02-F9EF-4FC5-8C21-4D7A78F4F7BE}.Release|x86.ActiveCfg = Release|Any CPU
		{8A6B4F02-F9EF-4FC5-8C21-4D7A78F4F7BE}.Release|x86.Build.0 = Release|Any CPU
		{8A6B4F02-F9EF-4FC5-8C21-4D7A78F4F7BE}.Test|Any CPU.ActiveCfg = Test|Any CPU
		{8A6B4F02-F9EF-4FC5-8C21-4D7A78F4F7BE}.Test|Any CPU.Build.0 = Test|Any CPU
		{8A6B4F02-F9EF-4FC5-8C21-4D7A78F4F7BE}.Test|Mixed Platforms.ActiveCfg = Release|Any CPU
		{8A6B4F02-F9EF-4FC5-8C21-4D7A78F4F7BE}.Test|Mixed Platforms.Build.0 = Release|Any CPU
		{8A6B4F02-F9EF-4FC5-8C21-4D7A78F4F7BE}.Test|x64.ActiveCfg = Release|Any CPU
		{8A6B4F02-F9EF-4FC5-8C21-4D7A78F4F7BE}.Test|x64.Build.0 = Release|Any CPU
		{8A6B4F02-F9EF-4FC5-8C21-4D7A78F4F7BE}.Test|x86.ActiveCfg = Release|Any CPU
		{8A6B4F02-F9EF-4FC5-8C21-4D7A78F4F7BE}.Test|x86.Build.0 = Release|Any CPU
		{D2569E71-E249-4E9E-B07F-077E1315BECE}.Debug|Any CPU.ActiveCfg = Debug|Any CPU
		{D2569E71-E249-4E9E-B07F-077E1315BECE}.Debug|Any CPU.Build.0 = Debug|Any CPU
		{D2569E71-E249-4E9E-B07F-077E1315BECE}.Debug|Mixed Platforms.ActiveCfg = Debug|Any CPU
		{D2569E71-E249-4E9E-B07F-077E1315BECE}.Debug|Mixed Platforms.Build.0 = Debug|Any CPU
		{D2569E71-E249-4E9E-B07F-077E1315BECE}.Debug|x64.ActiveCfg = Debug|Any CPU
		{D2569E71-E249-4E9E-B07F-077E1315BECE}.Debug|x64.Build.0 = Debug|Any CPU
		{D2569E71-E249-4E9E-B07F-077E1315BECE}.Debug|x86.ActiveCfg = Debug|Any CPU
		{D2569E71-E249-4E9E-B07F-077E1315BECE}.Debug|x86.Build.0 = Debug|Any CPU
		{D2569E71-E249-4E9E-B07F-077E1315BECE}.Release|Any CPU.ActiveCfg = Release|Any CPU
		{D2569E71-E249-4E9E-B07F-077E1315BECE}.Release|Any CPU.Build.0 = Release|Any CPU
		{D2569E71-E249-4E9E-B07F-077E1315BECE}.Release|Mixed Platforms.ActiveCfg = Release|Any CPU
		{D2569E71-E249-4E9E-B07F-077E1315BECE}.Release|Mixed Platforms.Build.0 = Release|Any CPU
		{D2569E71-E249-4E9E-B07F-077E1315BECE}.Release|x64.ActiveCfg = Release|Any CPU
		{D2569E71-E249-4E9E-B07F-077E1315BECE}.Release|x64.Build.0 = Release|Any CPU
		{D2569E71-E249-4E9E-B07F-077E1315BECE}.Release|x86.ActiveCfg = Release|Any CPU
		{D2569E71-E249-4E9E-B07F-077E1315BECE}.Release|x86.Build.0 = Release|Any CPU
		{D2569E71-E249-4E9E-B07F-077E1315BECE}.Test|Any CPU.ActiveCfg = Test|Any CPU
		{D2569E71-E249-4E9E-B07F-077E1315BECE}.Test|Any CPU.Build.0 = Test|Any CPU
		{D2569E71-E249-4E9E-B07F-077E1315BECE}.Test|Mixed Platforms.ActiveCfg = Test|Any CPU
		{D2569E71-E249-4E9E-B07F-077E1315BECE}.Test|Mixed Platforms.Build.0 = Test|Any CPU
		{D2569E71-E249-4E9E-B07F-077E1315BECE}.Test|x64.ActiveCfg = Test|Any CPU
		{D2569E71-E249-4E9E-B07F-077E1315BECE}.Test|x64.Build.0 = Test|Any CPU
		{D2569E71-E249-4E9E-B07F-077E1315BECE}.Test|x86.ActiveCfg = Test|Any CPU
		{D2569E71-E249-4E9E-B07F-077E1315BECE}.Test|x86.Build.0 = Test|Any CPU
		{29160081-7B3E-41D8-9A87-3C86968DEE0C}.Debug|Any CPU.ActiveCfg = Debug|Any CPU
		{29160081-7B3E-41D8-9A87-3C86968DEE0C}.Debug|Any CPU.Build.0 = Debug|Any CPU
		{29160081-7B3E-41D8-9A87-3C86968DEE0C}.Debug|Mixed Platforms.ActiveCfg = Debug|Any CPU
		{29160081-7B3E-41D8-9A87-3C86968DEE0C}.Debug|Mixed Platforms.Build.0 = Debug|Any CPU
		{29160081-7B3E-41D8-9A87-3C86968DEE0C}.Debug|x64.ActiveCfg = Debug|Any CPU
		{29160081-7B3E-41D8-9A87-3C86968DEE0C}.Debug|x64.Build.0 = Debug|Any CPU
		{29160081-7B3E-41D8-9A87-3C86968DEE0C}.Debug|x86.ActiveCfg = Debug|Any CPU
		{29160081-7B3E-41D8-9A87-3C86968DEE0C}.Debug|x86.Build.0 = Debug|Any CPU
		{29160081-7B3E-41D8-9A87-3C86968DEE0C}.Release|Any CPU.ActiveCfg = Release|Any CPU
		{29160081-7B3E-41D8-9A87-3C86968DEE0C}.Release|Any CPU.Build.0 = Release|Any CPU
		{29160081-7B3E-41D8-9A87-3C86968DEE0C}.Release|Mixed Platforms.ActiveCfg = Release|Any CPU
		{29160081-7B3E-41D8-9A87-3C86968DEE0C}.Release|Mixed Platforms.Build.0 = Release|Any CPU
		{29160081-7B3E-41D8-9A87-3C86968DEE0C}.Release|x64.ActiveCfg = Release|Any CPU
		{29160081-7B3E-41D8-9A87-3C86968DEE0C}.Release|x64.Build.0 = Release|Any CPU
		{29160081-7B3E-41D8-9A87-3C86968DEE0C}.Release|x86.ActiveCfg = Release|Any CPU
		{29160081-7B3E-41D8-9A87-3C86968DEE0C}.Release|x86.Build.0 = Release|Any CPU
		{29160081-7B3E-41D8-9A87-3C86968DEE0C}.Test|Any CPU.ActiveCfg = Test|Any CPU
		{29160081-7B3E-41D8-9A87-3C86968DEE0C}.Test|Any CPU.Build.0 = Test|Any CPU
		{29160081-7B3E-41D8-9A87-3C86968DEE0C}.Test|Mixed Platforms.ActiveCfg = Test|Any CPU
		{29160081-7B3E-41D8-9A87-3C86968DEE0C}.Test|Mixed Platforms.Build.0 = Test|Any CPU
		{29160081-7B3E-41D8-9A87-3C86968DEE0C}.Test|x64.ActiveCfg = Test|Any CPU
		{29160081-7B3E-41D8-9A87-3C86968DEE0C}.Test|x64.Build.0 = Test|Any CPU
		{29160081-7B3E-41D8-9A87-3C86968DEE0C}.Test|x86.ActiveCfg = Test|Any CPU
		{29160081-7B3E-41D8-9A87-3C86968DEE0C}.Test|x86.Build.0 = Test|Any CPU
		{A7499002-B795-4341-B6C4-7163739EC933}.Debug|Any CPU.ActiveCfg = Debug|Any CPU
		{A7499002-B795-4341-B6C4-7163739EC933}.Debug|Any CPU.Build.0 = Debug|Any CPU
		{A7499002-B795-4341-B6C4-7163739EC933}.Debug|Mixed Platforms.ActiveCfg = Debug|Any CPU
		{A7499002-B795-4341-B6C4-7163739EC933}.Debug|Mixed Platforms.Build.0 = Debug|Any CPU
		{A7499002-B795-4341-B6C4-7163739EC933}.Debug|x64.ActiveCfg = Debug|Any CPU
		{A7499002-B795-4341-B6C4-7163739EC933}.Debug|x64.Build.0 = Debug|Any CPU
		{A7499002-B795-4341-B6C4-7163739EC933}.Debug|x86.ActiveCfg = Debug|Any CPU
		{A7499002-B795-4341-B6C4-7163739EC933}.Debug|x86.Build.0 = Debug|Any CPU
		{A7499002-B795-4341-B6C4-7163739EC933}.Release|Any CPU.ActiveCfg = Release|Any CPU
		{A7499002-B795-4341-B6C4-7163739EC933}.Release|Any CPU.Build.0 = Release|Any CPU
		{A7499002-B795-4341-B6C4-7163739EC933}.Release|Mixed Platforms.ActiveCfg = Release|Any CPU
		{A7499002-B795-4341-B6C4-7163739EC933}.Release|Mixed Platforms.Build.0 = Release|Any CPU
		{A7499002-B795-4341-B6C4-7163739EC933}.Release|x64.ActiveCfg = Release|Any CPU
		{A7499002-B795-4341-B6C4-7163739EC933}.Release|x64.Build.0 = Release|Any CPU
		{A7499002-B795-4341-B6C4-7163739EC933}.Release|x86.ActiveCfg = Release|Any CPU
		{A7499002-B795-4341-B6C4-7163739EC933}.Release|x86.Build.0 = Release|Any CPU
		{A7499002-B795-4341-B6C4-7163739EC933}.Test|Any CPU.ActiveCfg = Test|Any CPU
		{A7499002-B795-4341-B6C4-7163739EC933}.Test|Any CPU.Build.0 = Test|Any CPU
		{A7499002-B795-4341-B6C4-7163739EC933}.Test|Mixed Platforms.ActiveCfg = Test|Any CPU
		{A7499002-B795-4341-B6C4-7163739EC933}.Test|Mixed Platforms.Build.0 = Test|Any CPU
		{A7499002-B795-4341-B6C4-7163739EC933}.Test|x64.ActiveCfg = Test|Any CPU
		{A7499002-B795-4341-B6C4-7163739EC933}.Test|x64.Build.0 = Test|Any CPU
		{A7499002-B795-4341-B6C4-7163739EC933}.Test|x86.ActiveCfg = Test|Any CPU
		{A7499002-B795-4341-B6C4-7163739EC933}.Test|x86.Build.0 = Test|Any CPU
		{06839BDB-F490-4E96-B347-8148B43D0CAE}.Debug|Any CPU.ActiveCfg = Debug|Any CPU
		{06839BDB-F490-4E96-B347-8148B43D0CAE}.Debug|Any CPU.Build.0 = Debug|Any CPU
		{06839BDB-F490-4E96-B347-8148B43D0CAE}.Debug|Mixed Platforms.ActiveCfg = Debug|Any CPU
		{06839BDB-F490-4E96-B347-8148B43D0CAE}.Debug|Mixed Platforms.Build.0 = Debug|Any CPU
		{06839BDB-F490-4E96-B347-8148B43D0CAE}.Debug|x64.ActiveCfg = Debug|Any CPU
		{06839BDB-F490-4E96-B347-8148B43D0CAE}.Debug|x64.Build.0 = Debug|Any CPU
		{06839BDB-F490-4E96-B347-8148B43D0CAE}.Debug|x86.ActiveCfg = Debug|Any CPU
		{06839BDB-F490-4E96-B347-8148B43D0CAE}.Debug|x86.Build.0 = Debug|Any CPU
		{06839BDB-F490-4E96-B347-8148B43D0CAE}.Release|Any CPU.ActiveCfg = Release|Any CPU
		{06839BDB-F490-4E96-B347-8148B43D0CAE}.Release|Any CPU.Build.0 = Release|Any CPU
		{06839BDB-F490-4E96-B347-8148B43D0CAE}.Release|Mixed Platforms.ActiveCfg = Release|Any CPU
		{06839BDB-F490-4E96-B347-8148B43D0CAE}.Release|Mixed Platforms.Build.0 = Release|Any CPU
		{06839BDB-F490-4E96-B347-8148B43D0CAE}.Release|x64.ActiveCfg = Release|Any CPU
		{06839BDB-F490-4E96-B347-8148B43D0CAE}.Release|x64.Build.0 = Release|Any CPU
		{06839BDB-F490-4E96-B347-8148B43D0CAE}.Release|x86.ActiveCfg = Release|Any CPU
		{06839BDB-F490-4E96-B347-8148B43D0CAE}.Release|x86.Build.0 = Release|Any CPU
		{06839BDB-F490-4E96-B347-8148B43D0CAE}.Test|Any CPU.ActiveCfg = Test|Any CPU
		{06839BDB-F490-4E96-B347-8148B43D0CAE}.Test|Any CPU.Build.0 = Test|Any CPU
		{06839BDB-F490-4E96-B347-8148B43D0CAE}.Test|Mixed Platforms.ActiveCfg = Test|Any CPU
		{06839BDB-F490-4E96-B347-8148B43D0CAE}.Test|Mixed Platforms.Build.0 = Test|Any CPU
		{06839BDB-F490-4E96-B347-8148B43D0CAE}.Test|x64.ActiveCfg = Test|Any CPU
		{06839BDB-F490-4E96-B347-8148B43D0CAE}.Test|x64.Build.0 = Test|Any CPU
		{06839BDB-F490-4E96-B347-8148B43D0CAE}.Test|x86.ActiveCfg = Test|Any CPU
		{06839BDB-F490-4E96-B347-8148B43D0CAE}.Test|x86.Build.0 = Test|Any CPU
		{43DBA399-2E78-44DD-A2F8-8529C7E9A5AB}.Debug|Any CPU.ActiveCfg = Debug|Any CPU
		{43DBA399-2E78-44DD-A2F8-8529C7E9A5AB}.Debug|Any CPU.Build.0 = Debug|Any CPU
		{43DBA399-2E78-44DD-A2F8-8529C7E9A5AB}.Debug|Mixed Platforms.ActiveCfg = Debug|Any CPU
		{43DBA399-2E78-44DD-A2F8-8529C7E9A5AB}.Debug|Mixed Platforms.Build.0 = Debug|Any CPU
		{43DBA399-2E78-44DD-A2F8-8529C7E9A5AB}.Debug|x64.ActiveCfg = Debug|Any CPU
		{43DBA399-2E78-44DD-A2F8-8529C7E9A5AB}.Debug|x64.Build.0 = Debug|Any CPU
		{43DBA399-2E78-44DD-A2F8-8529C7E9A5AB}.Debug|x86.ActiveCfg = Debug|Any CPU
		{43DBA399-2E78-44DD-A2F8-8529C7E9A5AB}.Debug|x86.Build.0 = Debug|Any CPU
		{43DBA399-2E78-44DD-A2F8-8529C7E9A5AB}.Release|Any CPU.ActiveCfg = Release|Any CPU
		{43DBA399-2E78-44DD-A2F8-8529C7E9A5AB}.Release|Any CPU.Build.0 = Release|Any CPU
		{43DBA399-2E78-44DD-A2F8-8529C7E9A5AB}.Release|Mixed Platforms.ActiveCfg = Release|Any CPU
		{43DBA399-2E78-44DD-A2F8-8529C7E9A5AB}.Release|Mixed Platforms.Build.0 = Release|Any CPU
		{43DBA399-2E78-44DD-A2F8-8529C7E9A5AB}.Release|x64.ActiveCfg = Release|Any CPU
		{43DBA399-2E78-44DD-A2F8-8529C7E9A5AB}.Release|x64.Build.0 = Release|Any CPU
		{43DBA399-2E78-44DD-A2F8-8529C7E9A5AB}.Release|x86.ActiveCfg = Release|Any CPU
		{43DBA399-2E78-44DD-A2F8-8529C7E9A5AB}.Release|x86.Build.0 = Release|Any CPU
		{43DBA399-2E78-44DD-A2F8-8529C7E9A5AB}.Test|Any CPU.ActiveCfg = Test|Any CPU
		{43DBA399-2E78-44DD-A2F8-8529C7E9A5AB}.Test|Any CPU.Build.0 = Test|Any CPU
		{43DBA399-2E78-44DD-A2F8-8529C7E9A5AB}.Test|Mixed Platforms.ActiveCfg = Test|Any CPU
		{43DBA399-2E78-44DD-A2F8-8529C7E9A5AB}.Test|Mixed Platforms.Build.0 = Test|Any CPU
		{43DBA399-2E78-44DD-A2F8-8529C7E9A5AB}.Test|x64.ActiveCfg = Test|Any CPU
		{43DBA399-2E78-44DD-A2F8-8529C7E9A5AB}.Test|x64.Build.0 = Test|Any CPU
		{43DBA399-2E78-44DD-A2F8-8529C7E9A5AB}.Test|x86.ActiveCfg = Test|Any CPU
		{43DBA399-2E78-44DD-A2F8-8529C7E9A5AB}.Test|x86.Build.0 = Test|Any CPU
		{786C9E6C-93FF-4D16-9407-EEEB61A705E3}.Debug|Any CPU.ActiveCfg = Debug|Any CPU
		{786C9E6C-93FF-4D16-9407-EEEB61A705E3}.Debug|Any CPU.Build.0 = Debug|Any CPU
		{786C9E6C-93FF-4D16-9407-EEEB61A705E3}.Debug|Mixed Platforms.ActiveCfg = Debug|Any CPU
		{786C9E6C-93FF-4D16-9407-EEEB61A705E3}.Debug|Mixed Platforms.Build.0 = Debug|Any CPU
		{786C9E6C-93FF-4D16-9407-EEEB61A705E3}.Debug|x64.ActiveCfg = Debug|Any CPU
		{786C9E6C-93FF-4D16-9407-EEEB61A705E3}.Debug|x64.Build.0 = Debug|Any CPU
		{786C9E6C-93FF-4D16-9407-EEEB61A705E3}.Debug|x86.ActiveCfg = Debug|Any CPU
		{786C9E6C-93FF-4D16-9407-EEEB61A705E3}.Debug|x86.Build.0 = Debug|Any CPU
		{786C9E6C-93FF-4D16-9407-EEEB61A705E3}.Release|Any CPU.ActiveCfg = Release|Any CPU
		{786C9E6C-93FF-4D16-9407-EEEB61A705E3}.Release|Any CPU.Build.0 = Release|Any CPU
		{786C9E6C-93FF-4D16-9407-EEEB61A705E3}.Release|Mixed Platforms.ActiveCfg = Release|Any CPU
		{786C9E6C-93FF-4D16-9407-EEEB61A705E3}.Release|Mixed Platforms.Build.0 = Release|Any CPU
		{786C9E6C-93FF-4D16-9407-EEEB61A705E3}.Release|x64.ActiveCfg = Release|Any CPU
		{786C9E6C-93FF-4D16-9407-EEEB61A705E3}.Release|x64.Build.0 = Release|Any CPU
		{786C9E6C-93FF-4D16-9407-EEEB61A705E3}.Release|x86.ActiveCfg = Release|Any CPU
		{786C9E6C-93FF-4D16-9407-EEEB61A705E3}.Release|x86.Build.0 = Release|Any CPU
		{786C9E6C-93FF-4D16-9407-EEEB61A705E3}.Test|Any CPU.ActiveCfg = Debug|Any CPU
		{786C9E6C-93FF-4D16-9407-EEEB61A705E3}.Test|Any CPU.Build.0 = Debug|Any CPU
		{786C9E6C-93FF-4D16-9407-EEEB61A705E3}.Test|Mixed Platforms.ActiveCfg = Release|Any CPU
		{786C9E6C-93FF-4D16-9407-EEEB61A705E3}.Test|Mixed Platforms.Build.0 = Release|Any CPU
		{786C9E6C-93FF-4D16-9407-EEEB61A705E3}.Test|x64.ActiveCfg = Release|Any CPU
		{786C9E6C-93FF-4D16-9407-EEEB61A705E3}.Test|x64.Build.0 = Release|Any CPU
		{786C9E6C-93FF-4D16-9407-EEEB61A705E3}.Test|x86.ActiveCfg = Release|Any CPU
		{786C9E6C-93FF-4D16-9407-EEEB61A705E3}.Test|x86.Build.0 = Release|Any CPU
		{9D6988E7-5971-4D1B-A765-0BD105416157}.Debug|Any CPU.ActiveCfg = Debug|Any CPU
		{9D6988E7-5971-4D1B-A765-0BD105416157}.Debug|Any CPU.Build.0 = Debug|Any CPU
		{9D6988E7-5971-4D1B-A765-0BD105416157}.Debug|Mixed Platforms.ActiveCfg = Debug|Any CPU
		{9D6988E7-5971-4D1B-A765-0BD105416157}.Debug|Mixed Platforms.Build.0 = Debug|Any CPU
		{9D6988E7-5971-4D1B-A765-0BD105416157}.Debug|x64.ActiveCfg = Debug|Any CPU
		{9D6988E7-5971-4D1B-A765-0BD105416157}.Debug|x64.Build.0 = Debug|Any CPU
		{9D6988E7-5971-4D1B-A765-0BD105416157}.Debug|x86.ActiveCfg = Debug|Any CPU
		{9D6988E7-5971-4D1B-A765-0BD105416157}.Debug|x86.Build.0 = Debug|Any CPU
		{9D6988E7-5971-4D1B-A765-0BD105416157}.Release|Any CPU.ActiveCfg = Release|Any CPU
		{9D6988E7-5971-4D1B-A765-0BD105416157}.Release|Any CPU.Build.0 = Release|Any CPU
		{9D6988E7-5971-4D1B-A765-0BD105416157}.Release|Mixed Platforms.ActiveCfg = Release|Any CPU
		{9D6988E7-5971-4D1B-A765-0BD105416157}.Release|Mixed Platforms.Build.0 = Release|Any CPU
		{9D6988E7-5971-4D1B-A765-0BD105416157}.Release|x64.ActiveCfg = Release|Any CPU
		{9D6988E7-5971-4D1B-A765-0BD105416157}.Release|x64.Build.0 = Release|Any CPU
		{9D6988E7-5971-4D1B-A765-0BD105416157}.Release|x86.ActiveCfg = Release|Any CPU
		{9D6988E7-5971-4D1B-A765-0BD105416157}.Release|x86.Build.0 = Release|Any CPU
		{9D6988E7-5971-4D1B-A765-0BD105416157}.Test|Any CPU.ActiveCfg = Test|Any CPU
		{9D6988E7-5971-4D1B-A765-0BD105416157}.Test|Any CPU.Build.0 = Test|Any CPU
		{9D6988E7-5971-4D1B-A765-0BD105416157}.Test|Mixed Platforms.ActiveCfg = Test|Any CPU
		{9D6988E7-5971-4D1B-A765-0BD105416157}.Test|Mixed Platforms.Build.0 = Test|Any CPU
		{9D6988E7-5971-4D1B-A765-0BD105416157}.Test|x64.ActiveCfg = Test|Any CPU
		{9D6988E7-5971-4D1B-A765-0BD105416157}.Test|x64.Build.0 = Test|Any CPU
		{9D6988E7-5971-4D1B-A765-0BD105416157}.Test|x86.ActiveCfg = Test|Any CPU
		{9D6988E7-5971-4D1B-A765-0BD105416157}.Test|x86.Build.0 = Test|Any CPU
		{116B2A38-55D8-4224-B1AC-A4E552A6B760}.Debug|Any CPU.ActiveCfg = Debug|Any CPU
		{116B2A38-55D8-4224-B1AC-A4E552A6B760}.Debug|Any CPU.Build.0 = Debug|Any CPU
		{116B2A38-55D8-4224-B1AC-A4E552A6B760}.Debug|Mixed Platforms.ActiveCfg = Debug|Any CPU
		{116B2A38-55D8-4224-B1AC-A4E552A6B760}.Debug|Mixed Platforms.Build.0 = Debug|Any CPU
		{116B2A38-55D8-4224-B1AC-A4E552A6B760}.Debug|x64.ActiveCfg = Debug|Any CPU
		{116B2A38-55D8-4224-B1AC-A4E552A6B760}.Debug|x64.Build.0 = Debug|Any CPU
		{116B2A38-55D8-4224-B1AC-A4E552A6B760}.Debug|x86.ActiveCfg = Debug|Any CPU
		{116B2A38-55D8-4224-B1AC-A4E552A6B760}.Debug|x86.Build.0 = Debug|Any CPU
		{116B2A38-55D8-4224-B1AC-A4E552A6B760}.Release|Any CPU.ActiveCfg = Release|Any CPU
		{116B2A38-55D8-4224-B1AC-A4E552A6B760}.Release|Any CPU.Build.0 = Release|Any CPU
		{116B2A38-55D8-4224-B1AC-A4E552A6B760}.Release|Mixed Platforms.ActiveCfg = Release|Any CPU
		{116B2A38-55D8-4224-B1AC-A4E552A6B760}.Release|Mixed Platforms.Build.0 = Release|Any CPU
		{116B2A38-55D8-4224-B1AC-A4E552A6B760}.Release|x64.ActiveCfg = Release|Any CPU
		{116B2A38-55D8-4224-B1AC-A4E552A6B760}.Release|x64.Build.0 = Release|Any CPU
		{116B2A38-55D8-4224-B1AC-A4E552A6B760}.Release|x86.ActiveCfg = Release|Any CPU
		{116B2A38-55D8-4224-B1AC-A4E552A6B760}.Release|x86.Build.0 = Release|Any CPU
		{116B2A38-55D8-4224-B1AC-A4E552A6B760}.Test|Any CPU.ActiveCfg = Debug|Any CPU
		{116B2A38-55D8-4224-B1AC-A4E552A6B760}.Test|Any CPU.Build.0 = Debug|Any CPU
		{116B2A38-55D8-4224-B1AC-A4E552A6B760}.Test|Mixed Platforms.ActiveCfg = Release|Any CPU
		{116B2A38-55D8-4224-B1AC-A4E552A6B760}.Test|Mixed Platforms.Build.0 = Release|Any CPU
		{116B2A38-55D8-4224-B1AC-A4E552A6B760}.Test|x64.ActiveCfg = Release|Any CPU
		{116B2A38-55D8-4224-B1AC-A4E552A6B760}.Test|x64.Build.0 = Release|Any CPU
		{116B2A38-55D8-4224-B1AC-A4E552A6B760}.Test|x86.ActiveCfg = Release|Any CPU
		{116B2A38-55D8-4224-B1AC-A4E552A6B760}.Test|x86.Build.0 = Release|Any CPU
		{AA020657-4003-45F8-A739-0BBC2F43B4F6}.Debug|Any CPU.ActiveCfg = Debug|Any CPU
		{AA020657-4003-45F8-A739-0BBC2F43B4F6}.Debug|Any CPU.Build.0 = Debug|Any CPU
		{AA020657-4003-45F8-A739-0BBC2F43B4F6}.Debug|Mixed Platforms.ActiveCfg = Debug|Any CPU
		{AA020657-4003-45F8-A739-0BBC2F43B4F6}.Debug|Mixed Platforms.Build.0 = Debug|Any CPU
		{AA020657-4003-45F8-A739-0BBC2F43B4F6}.Debug|x64.ActiveCfg = Debug|Any CPU
		{AA020657-4003-45F8-A739-0BBC2F43B4F6}.Debug|x64.Build.0 = Debug|Any CPU
		{AA020657-4003-45F8-A739-0BBC2F43B4F6}.Debug|x86.ActiveCfg = Debug|Any CPU
		{AA020657-4003-45F8-A739-0BBC2F43B4F6}.Debug|x86.Build.0 = Debug|Any CPU
		{AA020657-4003-45F8-A739-0BBC2F43B4F6}.Release|Any CPU.ActiveCfg = Release|Any CPU
		{AA020657-4003-45F8-A739-0BBC2F43B4F6}.Release|Any CPU.Build.0 = Release|Any CPU
		{AA020657-4003-45F8-A739-0BBC2F43B4F6}.Release|Mixed Platforms.ActiveCfg = Release|Any CPU
		{AA020657-4003-45F8-A739-0BBC2F43B4F6}.Release|Mixed Platforms.Build.0 = Release|Any CPU
		{AA020657-4003-45F8-A739-0BBC2F43B4F6}.Release|x64.ActiveCfg = Release|Any CPU
		{AA020657-4003-45F8-A739-0BBC2F43B4F6}.Release|x64.Build.0 = Release|Any CPU
		{AA020657-4003-45F8-A739-0BBC2F43B4F6}.Release|x86.ActiveCfg = Release|Any CPU
		{AA020657-4003-45F8-A739-0BBC2F43B4F6}.Release|x86.Build.0 = Release|Any CPU
		{AA020657-4003-45F8-A739-0BBC2F43B4F6}.Test|Any CPU.ActiveCfg = Debug|Any CPU
		{AA020657-4003-45F8-A739-0BBC2F43B4F6}.Test|Any CPU.Build.0 = Debug|Any CPU
		{AA020657-4003-45F8-A739-0BBC2F43B4F6}.Test|Mixed Platforms.ActiveCfg = Mirthtest|Any CPU
		{AA020657-4003-45F8-A739-0BBC2F43B4F6}.Test|Mixed Platforms.Build.0 = Mirthtest|Any CPU
		{AA020657-4003-45F8-A739-0BBC2F43B4F6}.Test|x64.ActiveCfg = Mirthtest|Any CPU
		{AA020657-4003-45F8-A739-0BBC2F43B4F6}.Test|x64.Build.0 = Mirthtest|Any CPU
		{AA020657-4003-45F8-A739-0BBC2F43B4F6}.Test|x86.ActiveCfg = Mirthtest|Any CPU
		{AA020657-4003-45F8-A739-0BBC2F43B4F6}.Test|x86.Build.0 = Mirthtest|Any CPU
		{A6611F10-E445-4C26-9789-43ECD3160B48}.Debug|Any CPU.ActiveCfg = Debug|Any CPU
		{A6611F10-E445-4C26-9789-43ECD3160B48}.Debug|Any CPU.Build.0 = Debug|Any CPU
		{A6611F10-E445-4C26-9789-43ECD3160B48}.Debug|Mixed Platforms.ActiveCfg = Debug|Any CPU
		{A6611F10-E445-4C26-9789-43ECD3160B48}.Debug|Mixed Platforms.Build.0 = Debug|Any CPU
		{A6611F10-E445-4C26-9789-43ECD3160B48}.Debug|x64.ActiveCfg = Debug|Any CPU
		{A6611F10-E445-4C26-9789-43ECD3160B48}.Debug|x64.Build.0 = Debug|Any CPU
		{A6611F10-E445-4C26-9789-43ECD3160B48}.Debug|x86.ActiveCfg = Debug|Any CPU
		{A6611F10-E445-4C26-9789-43ECD3160B48}.Debug|x86.Build.0 = Debug|Any CPU
		{A6611F10-E445-4C26-9789-43ECD3160B48}.Release|Any CPU.ActiveCfg = Release|Any CPU
		{A6611F10-E445-4C26-9789-43ECD3160B48}.Release|Any CPU.Build.0 = Release|Any CPU
		{A6611F10-E445-4C26-9789-43ECD3160B48}.Release|Mixed Platforms.ActiveCfg = Release|Any CPU
		{A6611F10-E445-4C26-9789-43ECD3160B48}.Release|Mixed Platforms.Build.0 = Release|Any CPU
		{A6611F10-E445-4C26-9789-43ECD3160B48}.Release|x64.ActiveCfg = Release|Any CPU
		{A6611F10-E445-4C26-9789-43ECD3160B48}.Release|x64.Build.0 = Release|Any CPU
		{A6611F10-E445-4C26-9789-43ECD3160B48}.Release|x86.ActiveCfg = Release|Any CPU
		{A6611F10-E445-4C26-9789-43ECD3160B48}.Release|x86.Build.0 = Release|Any CPU
		{A6611F10-E445-4C26-9789-43ECD3160B48}.Test|Any CPU.ActiveCfg = Debug|Any CPU
		{A6611F10-E445-4C26-9789-43ECD3160B48}.Test|Any CPU.Build.0 = Debug|Any CPU
		{A6611F10-E445-4C26-9789-43ECD3160B48}.Test|Mixed Platforms.ActiveCfg = Release|Any CPU
		{A6611F10-E445-4C26-9789-43ECD3160B48}.Test|Mixed Platforms.Build.0 = Release|Any CPU
		{A6611F10-E445-4C26-9789-43ECD3160B48}.Test|x64.ActiveCfg = Release|Any CPU
		{A6611F10-E445-4C26-9789-43ECD3160B48}.Test|x64.Build.0 = Release|Any CPU
		{A6611F10-E445-4C26-9789-43ECD3160B48}.Test|x86.ActiveCfg = Release|Any CPU
		{A6611F10-E445-4C26-9789-43ECD3160B48}.Test|x86.Build.0 = Release|Any CPU
		{C92E9D07-7E08-4513-9FA7-A5D42B98141A}.Debug|Any CPU.ActiveCfg = Debug|Any CPU
		{C92E9D07-7E08-4513-9FA7-A5D42B98141A}.Debug|Any CPU.Build.0 = Debug|Any CPU
		{C92E9D07-7E08-4513-9FA7-A5D42B98141A}.Debug|Mixed Platforms.ActiveCfg = Debug|Any CPU
		{C92E9D07-7E08-4513-9FA7-A5D42B98141A}.Debug|Mixed Platforms.Build.0 = Debug|Any CPU
		{C92E9D07-7E08-4513-9FA7-A5D42B98141A}.Debug|x64.ActiveCfg = Debug|Any CPU
		{C92E9D07-7E08-4513-9FA7-A5D42B98141A}.Debug|x64.Build.0 = Debug|Any CPU
		{C92E9D07-7E08-4513-9FA7-A5D42B98141A}.Debug|x86.ActiveCfg = Debug|Any CPU
		{C92E9D07-7E08-4513-9FA7-A5D42B98141A}.Debug|x86.Build.0 = Debug|Any CPU
		{C92E9D07-7E08-4513-9FA7-A5D42B98141A}.Release|Any CPU.ActiveCfg = Release|Any CPU
		{C92E9D07-7E08-4513-9FA7-A5D42B98141A}.Release|Any CPU.Build.0 = Release|Any CPU
		{C92E9D07-7E08-4513-9FA7-A5D42B98141A}.Release|Mixed Platforms.ActiveCfg = Release|Any CPU
		{C92E9D07-7E08-4513-9FA7-A5D42B98141A}.Release|Mixed Platforms.Build.0 = Release|Any CPU
		{C92E9D07-7E08-4513-9FA7-A5D42B98141A}.Release|x64.ActiveCfg = Release|Any CPU
		{C92E9D07-7E08-4513-9FA7-A5D42B98141A}.Release|x64.Build.0 = Release|Any CPU
		{C92E9D07-7E08-4513-9FA7-A5D42B98141A}.Release|x86.ActiveCfg = Release|Any CPU
		{C92E9D07-7E08-4513-9FA7-A5D42B98141A}.Release|x86.Build.0 = Release|Any CPU
		{C92E9D07-7E08-4513-9FA7-A5D42B98141A}.Test|Any CPU.ActiveCfg = Debug|Any CPU
		{C92E9D07-7E08-4513-9FA7-A5D42B98141A}.Test|Any CPU.Build.0 = Debug|Any CPU
		{C92E9D07-7E08-4513-9FA7-A5D42B98141A}.Test|Mixed Platforms.ActiveCfg = Release|Any CPU
		{C92E9D07-7E08-4513-9FA7-A5D42B98141A}.Test|Mixed Platforms.Build.0 = Release|Any CPU
		{C92E9D07-7E08-4513-9FA7-A5D42B98141A}.Test|x64.ActiveCfg = Release|Any CPU
		{C92E9D07-7E08-4513-9FA7-A5D42B98141A}.Test|x64.Build.0 = Release|Any CPU
		{C92E9D07-7E08-4513-9FA7-A5D42B98141A}.Test|x86.ActiveCfg = Release|Any CPU
		{C92E9D07-7E08-4513-9FA7-A5D42B98141A}.Test|x86.Build.0 = Release|Any CPU
		{D9E1423D-2ED3-44D8-B46E-049BC97E631C}.Debug|Any CPU.ActiveCfg = Debug|Any CPU
		{D9E1423D-2ED3-44D8-B46E-049BC97E631C}.Debug|Any CPU.Build.0 = Debug|Any CPU
		{D9E1423D-2ED3-44D8-B46E-049BC97E631C}.Debug|Mixed Platforms.ActiveCfg = Debug|Any CPU
		{D9E1423D-2ED3-44D8-B46E-049BC97E631C}.Debug|Mixed Platforms.Build.0 = Debug|Any CPU
		{D9E1423D-2ED3-44D8-B46E-049BC97E631C}.Debug|x64.ActiveCfg = Debug|Any CPU
		{D9E1423D-2ED3-44D8-B46E-049BC97E631C}.Debug|x64.Build.0 = Debug|Any CPU
		{D9E1423D-2ED3-44D8-B46E-049BC97E631C}.Debug|x86.ActiveCfg = Debug|Any CPU
		{D9E1423D-2ED3-44D8-B46E-049BC97E631C}.Debug|x86.Build.0 = Debug|Any CPU
		{D9E1423D-2ED3-44D8-B46E-049BC97E631C}.Release|Any CPU.ActiveCfg = Release|Any CPU
		{D9E1423D-2ED3-44D8-B46E-049BC97E631C}.Release|Any CPU.Build.0 = Release|Any CPU
		{D9E1423D-2ED3-44D8-B46E-049BC97E631C}.Release|Mixed Platforms.ActiveCfg = Release|Any CPU
		{D9E1423D-2ED3-44D8-B46E-049BC97E631C}.Release|Mixed Platforms.Build.0 = Release|Any CPU
		{D9E1423D-2ED3-44D8-B46E-049BC97E631C}.Release|x64.ActiveCfg = Release|Any CPU
		{D9E1423D-2ED3-44D8-B46E-049BC97E631C}.Release|x64.Build.0 = Release|Any CPU
		{D9E1423D-2ED3-44D8-B46E-049BC97E631C}.Release|x86.ActiveCfg = Release|Any CPU
		{D9E1423D-2ED3-44D8-B46E-049BC97E631C}.Release|x86.Build.0 = Release|Any CPU
		{D9E1423D-2ED3-44D8-B46E-049BC97E631C}.Test|Any CPU.ActiveCfg = Debug|Any CPU
		{D9E1423D-2ED3-44D8-B46E-049BC97E631C}.Test|Any CPU.Build.0 = Debug|Any CPU
		{D9E1423D-2ED3-44D8-B46E-049BC97E631C}.Test|Mixed Platforms.ActiveCfg = Release|Any CPU
		{D9E1423D-2ED3-44D8-B46E-049BC97E631C}.Test|Mixed Platforms.Build.0 = Release|Any CPU
		{D9E1423D-2ED3-44D8-B46E-049BC97E631C}.Test|x64.ActiveCfg = Release|Any CPU
		{D9E1423D-2ED3-44D8-B46E-049BC97E631C}.Test|x64.Build.0 = Release|Any CPU
		{D9E1423D-2ED3-44D8-B46E-049BC97E631C}.Test|x86.ActiveCfg = Release|Any CPU
		{D9E1423D-2ED3-44D8-B46E-049BC97E631C}.Test|x86.Build.0 = Release|Any CPU
		{A81732BE-44C1-4AB7-9C07-66A13D35A774}.Debug|Any CPU.ActiveCfg = Debug|Any CPU
		{A81732BE-44C1-4AB7-9C07-66A13D35A774}.Debug|Any CPU.Build.0 = Debug|Any CPU
		{A81732BE-44C1-4AB7-9C07-66A13D35A774}.Debug|Mixed Platforms.ActiveCfg = Debug|Any CPU
		{A81732BE-44C1-4AB7-9C07-66A13D35A774}.Debug|Mixed Platforms.Build.0 = Debug|Any CPU
		{A81732BE-44C1-4AB7-9C07-66A13D35A774}.Debug|x64.ActiveCfg = Debug|Any CPU
		{A81732BE-44C1-4AB7-9C07-66A13D35A774}.Debug|x64.Build.0 = Debug|Any CPU
		{A81732BE-44C1-4AB7-9C07-66A13D35A774}.Debug|x86.ActiveCfg = Debug|Any CPU
		{A81732BE-44C1-4AB7-9C07-66A13D35A774}.Debug|x86.Build.0 = Debug|Any CPU
		{A81732BE-44C1-4AB7-9C07-66A13D35A774}.Release|Any CPU.ActiveCfg = Release|Any CPU
		{A81732BE-44C1-4AB7-9C07-66A13D35A774}.Release|Any CPU.Build.0 = Release|Any CPU
		{A81732BE-44C1-4AB7-9C07-66A13D35A774}.Release|Mixed Platforms.ActiveCfg = Release|Any CPU
		{A81732BE-44C1-4AB7-9C07-66A13D35A774}.Release|Mixed Platforms.Build.0 = Release|Any CPU
		{A81732BE-44C1-4AB7-9C07-66A13D35A774}.Release|x64.ActiveCfg = Release|Any CPU
		{A81732BE-44C1-4AB7-9C07-66A13D35A774}.Release|x64.Build.0 = Release|Any CPU
		{A81732BE-44C1-4AB7-9C07-66A13D35A774}.Release|x86.ActiveCfg = Release|Any CPU
		{A81732BE-44C1-4AB7-9C07-66A13D35A774}.Release|x86.Build.0 = Release|Any CPU
		{A81732BE-44C1-4AB7-9C07-66A13D35A774}.Test|Any CPU.ActiveCfg = Debug|Any CPU
		{A81732BE-44C1-4AB7-9C07-66A13D35A774}.Test|Any CPU.Build.0 = Debug|Any CPU
		{A81732BE-44C1-4AB7-9C07-66A13D35A774}.Test|Mixed Platforms.ActiveCfg = Release|Any CPU
		{A81732BE-44C1-4AB7-9C07-66A13D35A774}.Test|Mixed Platforms.Build.0 = Release|Any CPU
		{A81732BE-44C1-4AB7-9C07-66A13D35A774}.Test|x64.ActiveCfg = Release|Any CPU
		{A81732BE-44C1-4AB7-9C07-66A13D35A774}.Test|x64.Build.0 = Release|Any CPU
		{A81732BE-44C1-4AB7-9C07-66A13D35A774}.Test|x86.ActiveCfg = Release|Any CPU
		{A81732BE-44C1-4AB7-9C07-66A13D35A774}.Test|x86.Build.0 = Release|Any CPU
		{B12324F7-0198-4151-95A0-2171512700F2}.Debug|Any CPU.ActiveCfg = Debug|Any CPU
		{B12324F7-0198-4151-95A0-2171512700F2}.Debug|Any CPU.Build.0 = Debug|Any CPU
		{B12324F7-0198-4151-95A0-2171512700F2}.Debug|Mixed Platforms.ActiveCfg = Debug|Any CPU
		{B12324F7-0198-4151-95A0-2171512700F2}.Debug|Mixed Platforms.Build.0 = Debug|Any CPU
		{B12324F7-0198-4151-95A0-2171512700F2}.Debug|x64.ActiveCfg = Debug|Any CPU
		{B12324F7-0198-4151-95A0-2171512700F2}.Debug|x64.Build.0 = Debug|Any CPU
		{B12324F7-0198-4151-95A0-2171512700F2}.Debug|x86.ActiveCfg = Debug|Any CPU
		{B12324F7-0198-4151-95A0-2171512700F2}.Debug|x86.Build.0 = Debug|Any CPU
		{B12324F7-0198-4151-95A0-2171512700F2}.Release|Any CPU.ActiveCfg = Release|Any CPU
		{B12324F7-0198-4151-95A0-2171512700F2}.Release|Any CPU.Build.0 = Release|Any CPU
		{B12324F7-0198-4151-95A0-2171512700F2}.Release|Mixed Platforms.ActiveCfg = Release|Any CPU
		{B12324F7-0198-4151-95A0-2171512700F2}.Release|Mixed Platforms.Build.0 = Release|Any CPU
		{B12324F7-0198-4151-95A0-2171512700F2}.Release|x64.ActiveCfg = Release|Any CPU
		{B12324F7-0198-4151-95A0-2171512700F2}.Release|x64.Build.0 = Release|Any CPU
		{B12324F7-0198-4151-95A0-2171512700F2}.Release|x86.ActiveCfg = Release|Any CPU
		{B12324F7-0198-4151-95A0-2171512700F2}.Release|x86.Build.0 = Release|Any CPU
		{B12324F7-0198-4151-95A0-2171512700F2}.Test|Any CPU.ActiveCfg = Debug|Any CPU
		{B12324F7-0198-4151-95A0-2171512700F2}.Test|Any CPU.Build.0 = Debug|Any CPU
		{B12324F7-0198-4151-95A0-2171512700F2}.Test|Mixed Platforms.ActiveCfg = Release|Any CPU
		{B12324F7-0198-4151-95A0-2171512700F2}.Test|Mixed Platforms.Build.0 = Release|Any CPU
		{B12324F7-0198-4151-95A0-2171512700F2}.Test|x64.ActiveCfg = Release|Any CPU
		{B12324F7-0198-4151-95A0-2171512700F2}.Test|x64.Build.0 = Release|Any CPU
		{B12324F7-0198-4151-95A0-2171512700F2}.Test|x86.ActiveCfg = Release|Any CPU
		{B12324F7-0198-4151-95A0-2171512700F2}.Test|x86.Build.0 = Release|Any CPU
		{D5A219EF-0C78-4E36-9039-3CA2F7C290C2}.Debug|Any CPU.ActiveCfg = Debug|Any CPU
		{D5A219EF-0C78-4E36-9039-3CA2F7C290C2}.Debug|Any CPU.Build.0 = Debug|Any CPU
		{D5A219EF-0C78-4E36-9039-3CA2F7C290C2}.Debug|Mixed Platforms.ActiveCfg = Debug|Any CPU
		{D5A219EF-0C78-4E36-9039-3CA2F7C290C2}.Debug|Mixed Platforms.Build.0 = Debug|Any CPU
		{D5A219EF-0C78-4E36-9039-3CA2F7C290C2}.Debug|x64.ActiveCfg = Debug|Any CPU
		{D5A219EF-0C78-4E36-9039-3CA2F7C290C2}.Debug|x64.Build.0 = Debug|Any CPU
		{D5A219EF-0C78-4E36-9039-3CA2F7C290C2}.Debug|x86.ActiveCfg = Debug|Any CPU
		{D5A219EF-0C78-4E36-9039-3CA2F7C290C2}.Debug|x86.Build.0 = Debug|Any CPU
		{D5A219EF-0C78-4E36-9039-3CA2F7C290C2}.Release|Any CPU.ActiveCfg = Release|Any CPU
		{D5A219EF-0C78-4E36-9039-3CA2F7C290C2}.Release|Any CPU.Build.0 = Release|Any CPU
		{D5A219EF-0C78-4E36-9039-3CA2F7C290C2}.Release|Mixed Platforms.ActiveCfg = Release|Any CPU
		{D5A219EF-0C78-4E36-9039-3CA2F7C290C2}.Release|Mixed Platforms.Build.0 = Release|Any CPU
		{D5A219EF-0C78-4E36-9039-3CA2F7C290C2}.Release|x64.ActiveCfg = Release|Any CPU
		{D5A219EF-0C78-4E36-9039-3CA2F7C290C2}.Release|x64.Build.0 = Release|Any CPU
		{D5A219EF-0C78-4E36-9039-3CA2F7C290C2}.Release|x86.ActiveCfg = Release|Any CPU
		{D5A219EF-0C78-4E36-9039-3CA2F7C290C2}.Release|x86.Build.0 = Release|Any CPU
		{D5A219EF-0C78-4E36-9039-3CA2F7C290C2}.Test|Any CPU.ActiveCfg = Debug|Any CPU
		{D5A219EF-0C78-4E36-9039-3CA2F7C290C2}.Test|Any CPU.Build.0 = Debug|Any CPU
		{D5A219EF-0C78-4E36-9039-3CA2F7C290C2}.Test|Mixed Platforms.ActiveCfg = Release|Any CPU
		{D5A219EF-0C78-4E36-9039-3CA2F7C290C2}.Test|Mixed Platforms.Build.0 = Release|Any CPU
		{D5A219EF-0C78-4E36-9039-3CA2F7C290C2}.Test|x64.ActiveCfg = Release|Any CPU
		{D5A219EF-0C78-4E36-9039-3CA2F7C290C2}.Test|x64.Build.0 = Release|Any CPU
		{D5A219EF-0C78-4E36-9039-3CA2F7C290C2}.Test|x86.ActiveCfg = Release|Any CPU
		{D5A219EF-0C78-4E36-9039-3CA2F7C290C2}.Test|x86.Build.0 = Release|Any CPU
		{5EC9E816-594D-488B-99A0-D77DBE0BBBF5}.Debug|Any CPU.ActiveCfg = Debug|Any CPU
		{5EC9E816-594D-488B-99A0-D77DBE0BBBF5}.Debug|Any CPU.Build.0 = Debug|Any CPU
		{5EC9E816-594D-488B-99A0-D77DBE0BBBF5}.Debug|Mixed Platforms.ActiveCfg = Debug|Any CPU
		{5EC9E816-594D-488B-99A0-D77DBE0BBBF5}.Debug|Mixed Platforms.Build.0 = Debug|Any CPU
		{5EC9E816-594D-488B-99A0-D77DBE0BBBF5}.Debug|x64.ActiveCfg = Debug|Any CPU
		{5EC9E816-594D-488B-99A0-D77DBE0BBBF5}.Debug|x64.Build.0 = Debug|Any CPU
		{5EC9E816-594D-488B-99A0-D77DBE0BBBF5}.Debug|x86.ActiveCfg = Debug|Any CPU
		{5EC9E816-594D-488B-99A0-D77DBE0BBBF5}.Debug|x86.Build.0 = Debug|Any CPU
		{5EC9E816-594D-488B-99A0-D77DBE0BBBF5}.Release|Any CPU.ActiveCfg = Release|Any CPU
		{5EC9E816-594D-488B-99A0-D77DBE0BBBF5}.Release|Any CPU.Build.0 = Release|Any CPU
		{5EC9E816-594D-488B-99A0-D77DBE0BBBF5}.Release|Mixed Platforms.ActiveCfg = Release|Any CPU
		{5EC9E816-594D-488B-99A0-D77DBE0BBBF5}.Release|Mixed Platforms.Build.0 = Release|Any CPU
		{5EC9E816-594D-488B-99A0-D77DBE0BBBF5}.Release|x64.ActiveCfg = Release|Any CPU
		{5EC9E816-594D-488B-99A0-D77DBE0BBBF5}.Release|x64.Build.0 = Release|Any CPU
		{5EC9E816-594D-488B-99A0-D77DBE0BBBF5}.Release|x86.ActiveCfg = Release|Any CPU
		{5EC9E816-594D-488B-99A0-D77DBE0BBBF5}.Release|x86.Build.0 = Release|Any CPU
		{5EC9E816-594D-488B-99A0-D77DBE0BBBF5}.Test|Any CPU.ActiveCfg = Debug|Any CPU
		{5EC9E816-594D-488B-99A0-D77DBE0BBBF5}.Test|Any CPU.Build.0 = Debug|Any CPU
		{5EC9E816-594D-488B-99A0-D77DBE0BBBF5}.Test|Mixed Platforms.ActiveCfg = Release|Any CPU
		{5EC9E816-594D-488B-99A0-D77DBE0BBBF5}.Test|Mixed Platforms.Build.0 = Release|Any CPU
		{5EC9E816-594D-488B-99A0-D77DBE0BBBF5}.Test|x64.ActiveCfg = Release|Any CPU
		{5EC9E816-594D-488B-99A0-D77DBE0BBBF5}.Test|x64.Build.0 = Release|Any CPU
		{5EC9E816-594D-488B-99A0-D77DBE0BBBF5}.Test|x86.ActiveCfg = Release|Any CPU
		{5EC9E816-594D-488B-99A0-D77DBE0BBBF5}.Test|x86.Build.0 = Release|Any CPU
		{1EEDC6BA-4B06-4DAA-8121-91EED2AE5F6B}.Debug|Any CPU.ActiveCfg = Debug|Any CPU
		{1EEDC6BA-4B06-4DAA-8121-91EED2AE5F6B}.Debug|Any CPU.Build.0 = Debug|Any CPU
		{1EEDC6BA-4B06-4DAA-8121-91EED2AE5F6B}.Debug|Mixed Platforms.ActiveCfg = Debug|Any CPU
		{1EEDC6BA-4B06-4DAA-8121-91EED2AE5F6B}.Debug|Mixed Platforms.Build.0 = Debug|Any CPU
		{1EEDC6BA-4B06-4DAA-8121-91EED2AE5F6B}.Debug|x64.ActiveCfg = Debug|Any CPU
		{1EEDC6BA-4B06-4DAA-8121-91EED2AE5F6B}.Debug|x64.Build.0 = Debug|Any CPU
		{1EEDC6BA-4B06-4DAA-8121-91EED2AE5F6B}.Debug|x86.ActiveCfg = Debug|Any CPU
		{1EEDC6BA-4B06-4DAA-8121-91EED2AE5F6B}.Debug|x86.Build.0 = Debug|Any CPU
		{1EEDC6BA-4B06-4DAA-8121-91EED2AE5F6B}.Release|Any CPU.ActiveCfg = Release|Any CPU
		{1EEDC6BA-4B06-4DAA-8121-91EED2AE5F6B}.Release|Any CPU.Build.0 = Release|Any CPU
		{1EEDC6BA-4B06-4DAA-8121-91EED2AE5F6B}.Release|Mixed Platforms.ActiveCfg = Release|Any CPU
		{1EEDC6BA-4B06-4DAA-8121-91EED2AE5F6B}.Release|Mixed Platforms.Build.0 = Release|Any CPU
		{1EEDC6BA-4B06-4DAA-8121-91EED2AE5F6B}.Release|x64.ActiveCfg = Release|Any CPU
		{1EEDC6BA-4B06-4DAA-8121-91EED2AE5F6B}.Release|x64.Build.0 = Release|Any CPU
		{1EEDC6BA-4B06-4DAA-8121-91EED2AE5F6B}.Release|x86.ActiveCfg = Release|Any CPU
		{1EEDC6BA-4B06-4DAA-8121-91EED2AE5F6B}.Release|x86.Build.0 = Release|Any CPU
		{1EEDC6BA-4B06-4DAA-8121-91EED2AE5F6B}.Test|Any CPU.ActiveCfg = Debug|Any CPU
		{1EEDC6BA-4B06-4DAA-8121-91EED2AE5F6B}.Test|Any CPU.Build.0 = Debug|Any CPU
		{1EEDC6BA-4B06-4DAA-8121-91EED2AE5F6B}.Test|Mixed Platforms.ActiveCfg = Release|Any CPU
		{1EEDC6BA-4B06-4DAA-8121-91EED2AE5F6B}.Test|Mixed Platforms.Build.0 = Release|Any CPU
		{1EEDC6BA-4B06-4DAA-8121-91EED2AE5F6B}.Test|x64.ActiveCfg = Release|Any CPU
		{1EEDC6BA-4B06-4DAA-8121-91EED2AE5F6B}.Test|x64.Build.0 = Release|Any CPU
		{1EEDC6BA-4B06-4DAA-8121-91EED2AE5F6B}.Test|x86.ActiveCfg = Release|Any CPU
		{1EEDC6BA-4B06-4DAA-8121-91EED2AE5F6B}.Test|x86.Build.0 = Release|Any CPU
		{7134D3DC-F4AE-47F4-B025-A916083E782E}.Debug|Any CPU.ActiveCfg = Debug|Any CPU
		{7134D3DC-F4AE-47F4-B025-A916083E782E}.Debug|Any CPU.Build.0 = Debug|Any CPU
		{7134D3DC-F4AE-47F4-B025-A916083E782E}.Debug|Mixed Platforms.ActiveCfg = Debug|Any CPU
		{7134D3DC-F4AE-47F4-B025-A916083E782E}.Debug|Mixed Platforms.Build.0 = Debug|Any CPU
		{7134D3DC-F4AE-47F4-B025-A916083E782E}.Debug|x64.ActiveCfg = Debug|Any CPU
		{7134D3DC-F4AE-47F4-B025-A916083E782E}.Debug|x64.Build.0 = Debug|Any CPU
		{7134D3DC-F4AE-47F4-B025-A916083E782E}.Debug|x86.ActiveCfg = Debug|Any CPU
		{7134D3DC-F4AE-47F4-B025-A916083E782E}.Debug|x86.Build.0 = Debug|Any CPU
		{7134D3DC-F4AE-47F4-B025-A916083E782E}.Release|Any CPU.ActiveCfg = Release|Any CPU
		{7134D3DC-F4AE-47F4-B025-A916083E782E}.Release|Any CPU.Build.0 = Release|Any CPU
		{7134D3DC-F4AE-47F4-B025-A916083E782E}.Release|Mixed Platforms.ActiveCfg = Release|Any CPU
		{7134D3DC-F4AE-47F4-B025-A916083E782E}.Release|Mixed Platforms.Build.0 = Release|Any CPU
		{7134D3DC-F4AE-47F4-B025-A916083E782E}.Release|x64.ActiveCfg = Release|Any CPU
		{7134D3DC-F4AE-47F4-B025-A916083E782E}.Release|x64.Build.0 = Release|Any CPU
		{7134D3DC-F4AE-47F4-B025-A916083E782E}.Release|x86.ActiveCfg = Release|Any CPU
		{7134D3DC-F4AE-47F4-B025-A916083E782E}.Release|x86.Build.0 = Release|Any CPU
		{7134D3DC-F4AE-47F4-B025-A916083E782E}.Test|Any CPU.ActiveCfg = Debug|Any CPU
		{7134D3DC-F4AE-47F4-B025-A916083E782E}.Test|Any CPU.Build.0 = Debug|Any CPU
		{7134D3DC-F4AE-47F4-B025-A916083E782E}.Test|Mixed Platforms.ActiveCfg = Release|Any CPU
		{7134D3DC-F4AE-47F4-B025-A916083E782E}.Test|Mixed Platforms.Build.0 = Release|Any CPU
		{7134D3DC-F4AE-47F4-B025-A916083E782E}.Test|x64.ActiveCfg = Release|Any CPU
		{7134D3DC-F4AE-47F4-B025-A916083E782E}.Test|x64.Build.0 = Release|Any CPU
		{7134D3DC-F4AE-47F4-B025-A916083E782E}.Test|x86.ActiveCfg = Release|Any CPU
		{7134D3DC-F4AE-47F4-B025-A916083E782E}.Test|x86.Build.0 = Release|Any CPU
		{CD9F2E69-E9E1-4D28-B01B-9ED85B6964F9}.Debug|Any CPU.ActiveCfg = Debug|Any CPU
		{CD9F2E69-E9E1-4D28-B01B-9ED85B6964F9}.Debug|Any CPU.Build.0 = Debug|Any CPU
		{CD9F2E69-E9E1-4D28-B01B-9ED85B6964F9}.Debug|Mixed Platforms.ActiveCfg = Debug|Any CPU
		{CD9F2E69-E9E1-4D28-B01B-9ED85B6964F9}.Debug|Mixed Platforms.Build.0 = Debug|Any CPU
		{CD9F2E69-E9E1-4D28-B01B-9ED85B6964F9}.Debug|x64.ActiveCfg = Debug|Any CPU
		{CD9F2E69-E9E1-4D28-B01B-9ED85B6964F9}.Debug|x64.Build.0 = Debug|Any CPU
		{CD9F2E69-E9E1-4D28-B01B-9ED85B6964F9}.Debug|x86.ActiveCfg = Debug|Any CPU
		{CD9F2E69-E9E1-4D28-B01B-9ED85B6964F9}.Debug|x86.Build.0 = Debug|Any CPU
		{CD9F2E69-E9E1-4D28-B01B-9ED85B6964F9}.Release|Any CPU.ActiveCfg = Release|Any CPU
		{CD9F2E69-E9E1-4D28-B01B-9ED85B6964F9}.Release|Any CPU.Build.0 = Release|Any CPU
		{CD9F2E69-E9E1-4D28-B01B-9ED85B6964F9}.Release|Mixed Platforms.ActiveCfg = Release|Any CPU
		{CD9F2E69-E9E1-4D28-B01B-9ED85B6964F9}.Release|Mixed Platforms.Build.0 = Release|Any CPU
		{CD9F2E69-E9E1-4D28-B01B-9ED85B6964F9}.Release|x64.ActiveCfg = Release|Any CPU
		{CD9F2E69-E9E1-4D28-B01B-9ED85B6964F9}.Release|x64.Build.0 = Release|Any CPU
		{CD9F2E69-E9E1-4D28-B01B-9ED85B6964F9}.Release|x86.ActiveCfg = Release|Any CPU
		{CD9F2E69-E9E1-4D28-B01B-9ED85B6964F9}.Release|x86.Build.0 = Release|Any CPU
		{CD9F2E69-E9E1-4D28-B01B-9ED85B6964F9}.Test|Any CPU.ActiveCfg = Debug|Any CPU
		{CD9F2E69-E9E1-4D28-B01B-9ED85B6964F9}.Test|Any CPU.Build.0 = Debug|Any CPU
		{CD9F2E69-E9E1-4D28-B01B-9ED85B6964F9}.Test|Mixed Platforms.ActiveCfg = Release|Any CPU
		{CD9F2E69-E9E1-4D28-B01B-9ED85B6964F9}.Test|Mixed Platforms.Build.0 = Release|Any CPU
		{CD9F2E69-E9E1-4D28-B01B-9ED85B6964F9}.Test|x64.ActiveCfg = Release|Any CPU
		{CD9F2E69-E9E1-4D28-B01B-9ED85B6964F9}.Test|x64.Build.0 = Release|Any CPU
		{CD9F2E69-E9E1-4D28-B01B-9ED85B6964F9}.Test|x86.ActiveCfg = Release|Any CPU
		{CD9F2E69-E9E1-4D28-B01B-9ED85B6964F9}.Test|x86.Build.0 = Release|Any CPU
		{C026C213-076C-473B-A263-735326CF2E58}.Debug|Any CPU.ActiveCfg = Debug|Any CPU
		{C026C213-076C-473B-A263-735326CF2E58}.Debug|Any CPU.Build.0 = Debug|Any CPU
		{C026C213-076C-473B-A263-735326CF2E58}.Debug|Mixed Platforms.ActiveCfg = Debug|Any CPU
		{C026C213-076C-473B-A263-735326CF2E58}.Debug|Mixed Platforms.Build.0 = Debug|Any CPU
		{C026C213-076C-473B-A263-735326CF2E58}.Debug|x64.ActiveCfg = Debug|Any CPU
		{C026C213-076C-473B-A263-735326CF2E58}.Debug|x64.Build.0 = Debug|Any CPU
		{C026C213-076C-473B-A263-735326CF2E58}.Debug|x86.ActiveCfg = Debug|Any CPU
		{C026C213-076C-473B-A263-735326CF2E58}.Debug|x86.Build.0 = Debug|Any CPU
		{C026C213-076C-473B-A263-735326CF2E58}.Release|Any CPU.ActiveCfg = Release|Any CPU
		{C026C213-076C-473B-A263-735326CF2E58}.Release|Any CPU.Build.0 = Release|Any CPU
		{C026C213-076C-473B-A263-735326CF2E58}.Release|Mixed Platforms.ActiveCfg = Release|Any CPU
		{C026C213-076C-473B-A263-735326CF2E58}.Release|Mixed Platforms.Build.0 = Release|Any CPU
		{C026C213-076C-473B-A263-735326CF2E58}.Release|x64.ActiveCfg = Release|Any CPU
		{C026C213-076C-473B-A263-735326CF2E58}.Release|x64.Build.0 = Release|Any CPU
		{C026C213-076C-473B-A263-735326CF2E58}.Release|x86.ActiveCfg = Release|Any CPU
		{C026C213-076C-473B-A263-735326CF2E58}.Release|x86.Build.0 = Release|Any CPU
		{C026C213-076C-473B-A263-735326CF2E58}.Test|Any CPU.ActiveCfg = Debug|Any CPU
		{C026C213-076C-473B-A263-735326CF2E58}.Test|Any CPU.Build.0 = Debug|Any CPU
		{C026C213-076C-473B-A263-735326CF2E58}.Test|Mixed Platforms.ActiveCfg = Release|Any CPU
		{C026C213-076C-473B-A263-735326CF2E58}.Test|Mixed Platforms.Build.0 = Release|Any CPU
		{C026C213-076C-473B-A263-735326CF2E58}.Test|x64.ActiveCfg = Release|Any CPU
		{C026C213-076C-473B-A263-735326CF2E58}.Test|x64.Build.0 = Release|Any CPU
		{C026C213-076C-473B-A263-735326CF2E58}.Test|x86.ActiveCfg = Release|Any CPU
		{C026C213-076C-473B-A263-735326CF2E58}.Test|x86.Build.0 = Release|Any CPU
		{C1477A7C-7ADF-47C7-87E5-E3C2835C7DD0}.Debug|Any CPU.ActiveCfg = Debug|Any CPU
		{C1477A7C-7ADF-47C7-87E5-E3C2835C7DD0}.Debug|Any CPU.Build.0 = Debug|Any CPU
		{C1477A7C-7ADF-47C7-87E5-E3C2835C7DD0}.Debug|Mixed Platforms.ActiveCfg = Debug|Any CPU
		{C1477A7C-7ADF-47C7-87E5-E3C2835C7DD0}.Debug|Mixed Platforms.Build.0 = Debug|Any CPU
		{C1477A7C-7ADF-47C7-87E5-E3C2835C7DD0}.Debug|x64.ActiveCfg = Debug|Any CPU
		{C1477A7C-7ADF-47C7-87E5-E3C2835C7DD0}.Debug|x64.Build.0 = Debug|Any CPU
		{C1477A7C-7ADF-47C7-87E5-E3C2835C7DD0}.Debug|x86.ActiveCfg = Debug|Any CPU
		{C1477A7C-7ADF-47C7-87E5-E3C2835C7DD0}.Debug|x86.Build.0 = Debug|Any CPU
		{C1477A7C-7ADF-47C7-87E5-E3C2835C7DD0}.Release|Any CPU.ActiveCfg = Release|Any CPU
		{C1477A7C-7ADF-47C7-87E5-E3C2835C7DD0}.Release|Any CPU.Build.0 = Release|Any CPU
		{C1477A7C-7ADF-47C7-87E5-E3C2835C7DD0}.Release|Mixed Platforms.ActiveCfg = Release|Any CPU
		{C1477A7C-7ADF-47C7-87E5-E3C2835C7DD0}.Release|Mixed Platforms.Build.0 = Release|Any CPU
		{C1477A7C-7ADF-47C7-87E5-E3C2835C7DD0}.Release|x64.ActiveCfg = Release|Any CPU
		{C1477A7C-7ADF-47C7-87E5-E3C2835C7DD0}.Release|x64.Build.0 = Release|Any CPU
		{C1477A7C-7ADF-47C7-87E5-E3C2835C7DD0}.Release|x86.ActiveCfg = Release|Any CPU
		{C1477A7C-7ADF-47C7-87E5-E3C2835C7DD0}.Release|x86.Build.0 = Release|Any CPU
		{C1477A7C-7ADF-47C7-87E5-E3C2835C7DD0}.Test|Any CPU.ActiveCfg = Debug|Any CPU
		{C1477A7C-7ADF-47C7-87E5-E3C2835C7DD0}.Test|Any CPU.Build.0 = Debug|Any CPU
		{C1477A7C-7ADF-47C7-87E5-E3C2835C7DD0}.Test|Mixed Platforms.ActiveCfg = Release|Any CPU
		{C1477A7C-7ADF-47C7-87E5-E3C2835C7DD0}.Test|Mixed Platforms.Build.0 = Release|Any CPU
		{C1477A7C-7ADF-47C7-87E5-E3C2835C7DD0}.Test|x64.ActiveCfg = Release|Any CPU
		{C1477A7C-7ADF-47C7-87E5-E3C2835C7DD0}.Test|x64.Build.0 = Release|Any CPU
		{C1477A7C-7ADF-47C7-87E5-E3C2835C7DD0}.Test|x86.ActiveCfg = Release|Any CPU
		{C1477A7C-7ADF-47C7-87E5-E3C2835C7DD0}.Test|x86.Build.0 = Release|Any CPU
		{9C32FB65-0C61-4A6C-A48E-A1B9285EF8A8}.Debug|Any CPU.ActiveCfg = Debug|Any CPU
		{9C32FB65-0C61-4A6C-A48E-A1B9285EF8A8}.Debug|Any CPU.Build.0 = Debug|Any CPU
		{9C32FB65-0C61-4A6C-A48E-A1B9285EF8A8}.Debug|Mixed Platforms.ActiveCfg = Debug|Any CPU
		{9C32FB65-0C61-4A6C-A48E-A1B9285EF8A8}.Debug|Mixed Platforms.Build.0 = Debug|Any CPU
		{9C32FB65-0C61-4A6C-A48E-A1B9285EF8A8}.Debug|x64.ActiveCfg = Debug|Any CPU
		{9C32FB65-0C61-4A6C-A48E-A1B9285EF8A8}.Debug|x64.Build.0 = Debug|Any CPU
		{9C32FB65-0C61-4A6C-A48E-A1B9285EF8A8}.Debug|x86.ActiveCfg = Debug|Any CPU
		{9C32FB65-0C61-4A6C-A48E-A1B9285EF8A8}.Debug|x86.Build.0 = Debug|Any CPU
		{9C32FB65-0C61-4A6C-A48E-A1B9285EF8A8}.Release|Any CPU.ActiveCfg = Release|Any CPU
		{9C32FB65-0C61-4A6C-A48E-A1B9285EF8A8}.Release|Any CPU.Build.0 = Release|Any CPU
		{9C32FB65-0C61-4A6C-A48E-A1B9285EF8A8}.Release|Mixed Platforms.ActiveCfg = Release|Any CPU
		{9C32FB65-0C61-4A6C-A48E-A1B9285EF8A8}.Release|Mixed Platforms.Build.0 = Release|Any CPU
		{9C32FB65-0C61-4A6C-A48E-A1B9285EF8A8}.Release|x64.ActiveCfg = Release|Any CPU
		{9C32FB65-0C61-4A6C-A48E-A1B9285EF8A8}.Release|x64.Build.0 = Release|Any CPU
		{9C32FB65-0C61-4A6C-A48E-A1B9285EF8A8}.Release|x86.ActiveCfg = Release|Any CPU
		{9C32FB65-0C61-4A6C-A48E-A1B9285EF8A8}.Release|x86.Build.0 = Release|Any CPU
		{9C32FB65-0C61-4A6C-A48E-A1B9285EF8A8}.Test|Any CPU.ActiveCfg = Debug|Any CPU
		{9C32FB65-0C61-4A6C-A48E-A1B9285EF8A8}.Test|Any CPU.Build.0 = Debug|Any CPU
		{9C32FB65-0C61-4A6C-A48E-A1B9285EF8A8}.Test|Mixed Platforms.ActiveCfg = Release|Any CPU
		{9C32FB65-0C61-4A6C-A48E-A1B9285EF8A8}.Test|Mixed Platforms.Build.0 = Release|Any CPU
		{9C32FB65-0C61-4A6C-A48E-A1B9285EF8A8}.Test|x64.ActiveCfg = Release|Any CPU
		{9C32FB65-0C61-4A6C-A48E-A1B9285EF8A8}.Test|x64.Build.0 = Release|Any CPU
		{9C32FB65-0C61-4A6C-A48E-A1B9285EF8A8}.Test|x86.ActiveCfg = Release|Any CPU
		{9C32FB65-0C61-4A6C-A48E-A1B9285EF8A8}.Test|x86.Build.0 = Release|Any CPU
	EndGlobalSection
	GlobalSection(SolutionProperties) = preSolution
		HideSolutionNode = FALSE
	EndGlobalSection
EndGlobal
